
Microsoft Visual Studio Solution File, Format Version 12.00
# Visual Studio Version 16
VisualStudioVersion = 16.0.30413.136
MinimumVisualStudioVersion = 10.0.40219.1
Project("{2150E333-8FDC-42A3-9474-1A3956D46DE8}") = "Base", "Base", "{7CA615C6-B4B4-415C-876C-3ED23D4329A6}"
EndProject
Project("{FAE04EC0-301F-11D3-BF4B-00C04F79EFBC}") = "GPLHMI", "GPL\GPL\GPLHMI.csproj", "{103C1E00-EF50-4366-ABAA-AF75C8003C55}"
EndProject
Project("{2150E333-8FDC-42A3-9474-1A3956D46DE8}") = "Core", "Core", "{522FC804-B07E-4E78-B275-45E247EBDB77}"
EndProject
Project("{FAE04EC0-301F-11D3-BF4B-00C04F79EFBC}") = "WinformsMVP", "WinformsMVP\WinformsMVP\WinformsMVP.csproj", "{003C7FCD-43F3-43A0-A0EC-5A8003D2F805}"
EndProject
Project("{FAE04EC0-301F-11D3-BF4B-00C04F79EFBC}") = "DataModel", "DataModel\DataModel.csproj", "{C5D8C88C-E686-4C43-B34E-90C87DE7B045}"
EndProject
Project("{FAE04EC0-301F-11D3-BF4B-00C04F79EFBC}") = "DBService", "DBService\DBService.csproj", "{7270E805-24D2-43BE-839B-CEF5DD2D22A4}"
EndProject
Project("{FAE04EC0-301F-11D3-BF4B-00C04F79EFBC}") = "Core", "Help\Core.csproj", "{6B12A6FA-531F-4992-9319-718C4B048BAD}"
EndProject
Project("{FAE04EC0-301F-11D3-BF4B-00C04F79EFBC}") = "MSMQ", "MSMQ\MSMQ.csproj", "{16AE5B49-DEEB-4569-BE6D-C1E36025F170}"
EndProject
Project("{FAE04EC0-301F-11D3-BF4B-00C04F79EFBC}") = "BLL", "BLL\BLL.csproj", "{5551C09B-787A-4739-BF68-34CC9347386D}"
EndProject
Project("{FAE04EC0-301F-11D3-BF4B-00C04F79EFBC}") = "Controller", "Controller\Controller.csproj", "{E2F7BE94-81E9-4B62-9178-AA49778068F0}"
EndProject
Project("{FAE04EC0-301F-11D3-BF4B-00C04F79EFBC}") = "MsgConvert", "DataModelConvert\MsgConvert.csproj", "{B2FA4DD8-18A5-49EB-A98A-A660D0AB4A99}"
EndProject
Project("{2150E333-8FDC-42A3-9474-1A3956D46DE8}") = "HMIApp", "HMIApp", "{78EDDDFF-D5AB-4C16-914E-A9EB7983C6B6}"
EndProject
Project("{2150E333-8FDC-42A3-9474-1A3956D46DE8}") = "CommApp", "CommApp", "{5938183C-39F4-4663-A1F2-958CB01D196B}"
EndProject
Project("{FAE04EC0-301F-11D3-BF4B-00C04F79EFBC}") = "WMSComm", "WMSComm\WMSComm.csproj", "{86C6C88F-E098-4758-B84C-CD41030FFE2D}"
EndProject
Project("{FAE04EC0-301F-11D3-BF4B-00C04F79EFBC}") = "PlcComm", "PlcComm\PlcComm.csproj", "{A82E16CD-3E44-419D-8CAE-B3BC13AC053F}"
EndProject
Project("{FAE04EC0-301F-11D3-BF4B-00C04F79EFBC}") = "LabelPrint", "LabelPrint\LabelPrint.csproj", "{11A414F1-798F-462D-BC37-73DE48DC0AC3}"
EndProject
Project("{2150E333-8FDC-42A3-9474-1A3956D46DE8}") = "ProcessApp", "ProcessApp", "{5BDB624D-0374-4AC8-9281-258A1C463BDD}"
EndProject
Project("{FAE04EC0-301F-11D3-BF4B-00C04F79EFBC}") = "Tracking", "Tracking\Tracking.csproj", "{802AD41F-90E6-4040-A54F-6126F8B174F9}"
EndProject
Project("{FAE04EC0-301F-11D3-BF4B-00C04F79EFBC}") = "DataGathering", "DataGathering\DataGathering.csproj", "{0F57ABE8-AA8E-4146-86B5-5FCBF94249DD}"
EndProject
Project("{FAE04EC0-301F-11D3-BF4B-00C04F79EFBC}") = "DataSetup", "DataSetup\DataSetup.csproj", "{5F7C4222-3BEE-4FDA-BB67-4F9E97B2A742}"
EndProject
Project("{FAE04EC0-301F-11D3-BF4B-00C04F79EFBC}") = "BCScnMgr", "BCScnMgr\BCScnMgr.csproj", "{47CE33C9-F34A-4F11-9084-949B85FCFB4F}"
EndProject
Project("{FAE04EC0-301F-11D3-BF4B-00C04F79EFBC}") = "PcComm", "PcComm\PcComm.csproj", "{3F6511EF-E07C-4914-AF9C-908EE5B43EB3}"
EndProject
Project("{2150E333-8FDC-42A3-9474-1A3956D46DE8}") = "Test", "Test", "{69FF5962-9ADE-4A14-86DA-16B0944A1269}"
EndProject
Project("{FAE04EC0-301F-11D3-BF4B-00C04F79EFBC}") = "UnitTest", "UnitTest\UnitTest.csproj", "{BB367325-F0B6-495C-AB0A-FAF5701FA55F}"
EndProject
Project("{FAE04EC0-301F-11D3-BF4B-00C04F79EFBC}") = "PerformanceTest", "PerformanceTest\PerformanceTest.csproj", "{B9ED0189-8FB5-45E1-BAF1-80A82BEAF068}"
EndProject
Project("{FAE04EC0-301F-11D3-BF4B-00C04F79EFBC}") = "AkkaSysBase", "AkkaSysBase\AkkaSysBase.csproj", "{2AA772E8-F956-4F52-8E95-6041DDC13514}"
EndProject
Project("{FAE04EC0-301F-11D3-BF4B-00C04F79EFBC}") = "LogSender", "LogSender\LogSender.csproj", "{FF44E355-27E4-4AA7-9145-CF73CABBA1F2}"
EndProject
Project("{2150E333-8FDC-42A3-9474-1A3956D46DE8}") = "Service", "Service", "{9E3D1798-C395-482F-B777-D98F306FBE33}"
EndProject
Project("{FAE04EC0-301F-11D3-BF4B-00C04F79EFBC}") = "MMSComm", "MMSComm\MMSComm.csproj", "{CA5D5F1B-0546-4B35-82A5-3CF2CB6BF8FC}"
EndProject
Project("{FAE04EC0-301F-11D3-BF4B-00C04F79EFBC}") = "CoilMgr", "CoilManager\CoilMgr.csproj", "{1EE933AD-729F-4562-BC84-340280F369D6}"
EndProject
Project("{FAE04EC0-301F-11D3-BF4B-00C04F79EFBC}") = "LogRecord", "LogRecord\LogRecord.csproj", "{9AA1F268-3E93-4967-8E9F-7AB0828971C0}"
EndProject
Global
	GlobalSection(SolutionConfigurationPlatforms) = preSolution
		Debug|Any CPU = Debug|Any CPU
		Debug|x64 = Debug|x64
		Debug|x86 = Debug|x86
		Release|Any CPU = Release|Any CPU
		Release|x64 = Release|x64
		Release|x86 = Release|x86
	EndGlobalSection
	GlobalSection(ProjectConfigurationPlatforms) = postSolution
		{103C1E00-EF50-4366-ABAA-AF75C8003C55}.Debug|Any CPU.ActiveCfg = Debug|Any CPU
		{103C1E00-EF50-4366-ABAA-AF75C8003C55}.Debug|Any CPU.Build.0 = Debug|Any CPU
		{103C1E00-EF50-4366-ABAA-AF75C8003C55}.Debug|x64.ActiveCfg = Debug|x64
		{103C1E00-EF50-4366-ABAA-AF75C8003C55}.Debug|x64.Build.0 = Debug|x64
		{103C1E00-EF50-4366-ABAA-AF75C8003C55}.Debug|x86.ActiveCfg = Debug|Any CPU
		{103C1E00-EF50-4366-ABAA-AF75C8003C55}.Debug|x86.Build.0 = Debug|Any CPU
		{103C1E00-EF50-4366-ABAA-AF75C8003C55}.Release|Any CPU.ActiveCfg = Release|Any CPU
		{103C1E00-EF50-4366-ABAA-AF75C8003C55}.Release|Any CPU.Build.0 = Release|Any CPU
		{103C1E00-EF50-4366-ABAA-AF75C8003C55}.Release|x64.ActiveCfg = Release|x64
		{103C1E00-EF50-4366-ABAA-AF75C8003C55}.Release|x64.Build.0 = Release|x64
		{103C1E00-EF50-4366-ABAA-AF75C8003C55}.Release|x86.ActiveCfg = Release|Any CPU
		{103C1E00-EF50-4366-ABAA-AF75C8003C55}.Release|x86.Build.0 = Release|Any CPU
		{003C7FCD-43F3-43A0-A0EC-5A8003D2F805}.Debug|Any CPU.ActiveCfg = Debug|Any CPU
		{003C7FCD-43F3-43A0-A0EC-5A8003D2F805}.Debug|Any CPU.Build.0 = Debug|Any CPU
		{003C7FCD-43F3-43A0-A0EC-5A8003D2F805}.Debug|x64.ActiveCfg = Debug|Any CPU
		{003C7FCD-43F3-43A0-A0EC-5A8003D2F805}.Debug|x64.Build.0 = Debug|Any CPU
		{003C7FCD-43F3-43A0-A0EC-5A8003D2F805}.Debug|x86.ActiveCfg = Debug|x86
		{003C7FCD-43F3-43A0-A0EC-5A8003D2F805}.Debug|x86.Build.0 = Debug|x86
		{003C7FCD-43F3-43A0-A0EC-5A8003D2F805}.Release|Any CPU.ActiveCfg = Release|Any CPU
		{003C7FCD-43F3-43A0-A0EC-5A8003D2F805}.Release|Any CPU.Build.0 = Release|Any CPU
		{003C7FCD-43F3-43A0-A0EC-5A8003D2F805}.Release|x64.ActiveCfg = Release|Any CPU
		{003C7FCD-43F3-43A0-A0EC-5A8003D2F805}.Release|x64.Build.0 = Release|Any CPU
		{003C7FCD-43F3-43A0-A0EC-5A8003D2F805}.Release|x86.ActiveCfg = Release|x86
		{003C7FCD-43F3-43A0-A0EC-5A8003D2F805}.Release|x86.Build.0 = Release|x86
		{C5D8C88C-E686-4C43-B34E-90C87DE7B045}.Debug|Any CPU.ActiveCfg = Debug|Any CPU
		{C5D8C88C-E686-4C43-B34E-90C87DE7B045}.Debug|Any CPU.Build.0 = Debug|Any CPU
		{C5D8C88C-E686-4C43-B34E-90C87DE7B045}.Debug|x64.ActiveCfg = Debug|Any CPU
		{C5D8C88C-E686-4C43-B34E-90C87DE7B045}.Debug|x64.Build.0 = Debug|Any CPU
		{C5D8C88C-E686-4C43-B34E-90C87DE7B045}.Debug|x86.ActiveCfg = Debug|Any CPU
		{C5D8C88C-E686-4C43-B34E-90C87DE7B045}.Debug|x86.Build.0 = Debug|Any CPU
		{C5D8C88C-E686-4C43-B34E-90C87DE7B045}.Release|Any CPU.ActiveCfg = Release|Any CPU
		{C5D8C88C-E686-4C43-B34E-90C87DE7B045}.Release|Any CPU.Build.0 = Release|Any CPU
		{C5D8C88C-E686-4C43-B34E-90C87DE7B045}.Release|x64.ActiveCfg = Release|Any CPU
		{C5D8C88C-E686-4C43-B34E-90C87DE7B045}.Release|x64.Build.0 = Release|Any CPU
		{C5D8C88C-E686-4C43-B34E-90C87DE7B045}.Release|x86.ActiveCfg = Release|Any CPU
		{C5D8C88C-E686-4C43-B34E-90C87DE7B045}.Release|x86.Build.0 = Release|Any CPU
		{7270E805-24D2-43BE-839B-CEF5DD2D22A4}.Debug|Any CPU.ActiveCfg = Debug|Any CPU
		{7270E805-24D2-43BE-839B-CEF5DD2D22A4}.Debug|Any CPU.Build.0 = Debug|Any CPU
		{7270E805-24D2-43BE-839B-CEF5DD2D22A4}.Debug|x64.ActiveCfg = Debug|Any CPU
		{7270E805-24D2-43BE-839B-CEF5DD2D22A4}.Debug|x64.Build.0 = Debug|Any CPU
		{7270E805-24D2-43BE-839B-CEF5DD2D22A4}.Debug|x86.ActiveCfg = Debug|Any CPU
		{7270E805-24D2-43BE-839B-CEF5DD2D22A4}.Debug|x86.Build.0 = Debug|Any CPU
		{7270E805-24D2-43BE-839B-CEF5DD2D22A4}.Release|Any CPU.ActiveCfg = Release|Any CPU
		{7270E805-24D2-43BE-839B-CEF5DD2D22A4}.Release|Any CPU.Build.0 = Release|Any CPU
		{7270E805-24D2-43BE-839B-CEF5DD2D22A4}.Release|x64.ActiveCfg = Release|Any CPU
		{7270E805-24D2-43BE-839B-CEF5DD2D22A4}.Release|x64.Build.0 = Release|Any CPU
		{7270E805-24D2-43BE-839B-CEF5DD2D22A4}.Release|x86.ActiveCfg = Release|Any CPU
		{7270E805-24D2-43BE-839B-CEF5DD2D22A4}.Release|x86.Build.0 = Release|Any CPU
		{6B12A6FA-531F-4992-9319-718C4B048BAD}.Debug|Any CPU.ActiveCfg = Debug|Any CPU
		{6B12A6FA-531F-4992-9319-718C4B048BAD}.Debug|Any CPU.Build.0 = Debug|Any CPU
		{6B12A6FA-531F-4992-9319-718C4B048BAD}.Debug|x64.ActiveCfg = Debug|Any CPU
		{6B12A6FA-531F-4992-9319-718C4B048BAD}.Debug|x64.Build.0 = Debug|Any CPU
		{6B12A6FA-531F-4992-9319-718C4B048BAD}.Debug|x86.ActiveCfg = Debug|Any CPU
		{6B12A6FA-531F-4992-9319-718C4B048BAD}.Debug|x86.Build.0 = Debug|Any CPU
		{6B12A6FA-531F-4992-9319-718C4B048BAD}.Release|Any CPU.ActiveCfg = Release|Any CPU
		{6B12A6FA-531F-4992-9319-718C4B048BAD}.Release|Any CPU.Build.0 = Release|Any CPU
		{6B12A6FA-531F-4992-9319-718C4B048BAD}.Release|x64.ActiveCfg = Release|Any CPU
		{6B12A6FA-531F-4992-9319-718C4B048BAD}.Release|x64.Build.0 = Release|Any CPU
		{6B12A6FA-531F-4992-9319-718C4B048BAD}.Release|x86.ActiveCfg = Release|Any CPU
		{6B12A6FA-531F-4992-9319-718C4B048BAD}.Release|x86.Build.0 = Release|Any CPU
		{16AE5B49-DEEB-4569-BE6D-C1E36025F170}.Debug|Any CPU.ActiveCfg = Debug|Any CPU
		{16AE5B49-DEEB-4569-BE6D-C1E36025F170}.Debug|Any CPU.Build.0 = Debug|Any CPU
		{16AE5B49-DEEB-4569-BE6D-C1E36025F170}.Debug|x64.ActiveCfg = Debug|Any CPU
		{16AE5B49-DEEB-4569-BE6D-C1E36025F170}.Debug|x64.Build.0 = Debug|Any CPU
		{16AE5B49-DEEB-4569-BE6D-C1E36025F170}.Debug|x86.ActiveCfg = Debug|Any CPU
		{16AE5B49-DEEB-4569-BE6D-C1E36025F170}.Debug|x86.Build.0 = Debug|Any CPU
		{16AE5B49-DEEB-4569-BE6D-C1E36025F170}.Release|Any CPU.ActiveCfg = Release|Any CPU
		{16AE5B49-DEEB-4569-BE6D-C1E36025F170}.Release|Any CPU.Build.0 = Release|Any CPU
		{16AE5B49-DEEB-4569-BE6D-C1E36025F170}.Release|x64.ActiveCfg = Release|Any CPU
		{16AE5B49-DEEB-4569-BE6D-C1E36025F170}.Release|x64.Build.0 = Release|Any CPU
		{16AE5B49-DEEB-4569-BE6D-C1E36025F170}.Release|x86.ActiveCfg = Release|Any CPU
		{16AE5B49-DEEB-4569-BE6D-C1E36025F170}.Release|x86.Build.0 = Release|Any CPU
		{5551C09B-787A-4739-BF68-34CC9347386D}.Debug|Any CPU.ActiveCfg = Debug|Any CPU
		{5551C09B-787A-4739-BF68-34CC9347386D}.Debug|Any CPU.Build.0 = Debug|Any CPU
		{5551C09B-787A-4739-BF68-34CC9347386D}.Debug|x64.ActiveCfg = Debug|Any CPU
		{5551C09B-787A-4739-BF68-34CC9347386D}.Debug|x64.Build.0 = Debug|Any CPU
		{5551C09B-787A-4739-BF68-34CC9347386D}.Debug|x86.ActiveCfg = Debug|Any CPU
		{5551C09B-787A-4739-BF68-34CC9347386D}.Debug|x86.Build.0 = Debug|Any CPU
		{5551C09B-787A-4739-BF68-34CC9347386D}.Release|Any CPU.ActiveCfg = Release|Any CPU
		{5551C09B-787A-4739-BF68-34CC9347386D}.Release|Any CPU.Build.0 = Release|Any CPU
		{5551C09B-787A-4739-BF68-34CC9347386D}.Release|x64.ActiveCfg = Release|Any CPU
		{5551C09B-787A-4739-BF68-34CC9347386D}.Release|x64.Build.0 = Release|Any CPU
		{5551C09B-787A-4739-BF68-34CC9347386D}.Release|x86.ActiveCfg = Release|Any CPU
		{5551C09B-787A-4739-BF68-34CC9347386D}.Release|x86.Build.0 = Release|Any CPU
		{E2F7BE94-81E9-4B62-9178-AA49778068F0}.Debug|Any CPU.ActiveCfg = Debug|Any CPU
		{E2F7BE94-81E9-4B62-9178-AA49778068F0}.Debug|Any CPU.Build.0 = Debug|Any CPU
		{E2F7BE94-81E9-4B62-9178-AA49778068F0}.Debug|x64.ActiveCfg = Debug|Any CPU
		{E2F7BE94-81E9-4B62-9178-AA49778068F0}.Debug|x64.Build.0 = Debug|Any CPU
		{E2F7BE94-81E9-4B62-9178-AA49778068F0}.Debug|x86.ActiveCfg = Debug|Any CPU
		{E2F7BE94-81E9-4B62-9178-AA49778068F0}.Debug|x86.Build.0 = Debug|Any CPU
		{E2F7BE94-81E9-4B62-9178-AA49778068F0}.Release|Any CPU.ActiveCfg = Release|Any CPU
		{E2F7BE94-81E9-4B62-9178-AA49778068F0}.Release|Any CPU.Build.0 = Release|Any CPU
		{E2F7BE94-81E9-4B62-9178-AA49778068F0}.Release|x64.ActiveCfg = Release|Any CPU
		{E2F7BE94-81E9-4B62-9178-AA49778068F0}.Release|x64.Build.0 = Release|Any CPU
		{E2F7BE94-81E9-4B62-9178-AA49778068F0}.Release|x86.ActiveCfg = Release|Any CPU
		{E2F7BE94-81E9-4B62-9178-AA49778068F0}.Release|x86.Build.0 = Release|Any CPU
		{B2FA4DD8-18A5-49EB-A98A-A660D0AB4A99}.Debug|Any CPU.ActiveCfg = Debug|Any CPU
		{B2FA4DD8-18A5-49EB-A98A-A660D0AB4A99}.Debug|Any CPU.Build.0 = Debug|Any CPU
		{B2FA4DD8-18A5-49EB-A98A-A660D0AB4A99}.Debug|x64.ActiveCfg = Debug|Any CPU
		{B2FA4DD8-18A5-49EB-A98A-A660D0AB4A99}.Debug|x64.Build.0 = Debug|Any CPU
		{B2FA4DD8-18A5-49EB-A98A-A660D0AB4A99}.Debug|x86.ActiveCfg = Debug|Any CPU
		{B2FA4DD8-18A5-49EB-A98A-A660D0AB4A99}.Debug|x86.Build.0 = Debug|Any CPU
		{B2FA4DD8-18A5-49EB-A98A-A660D0AB4A99}.Release|Any CPU.ActiveCfg = Release|Any CPU
		{B2FA4DD8-18A5-49EB-A98A-A660D0AB4A99}.Release|Any CPU.Build.0 = Release|Any CPU
		{B2FA4DD8-18A5-49EB-A98A-A660D0AB4A99}.Release|x64.ActiveCfg = Release|Any CPU
		{B2FA4DD8-18A5-49EB-A98A-A660D0AB4A99}.Release|x64.Build.0 = Release|Any CPU
		{B2FA4DD8-18A5-49EB-A98A-A660D0AB4A99}.Release|x86.ActiveCfg = Release|Any CPU
		{B2FA4DD8-18A5-49EB-A98A-A660D0AB4A99}.Release|x86.Build.0 = Release|Any CPU
		{86C6C88F-E098-4758-B84C-CD41030FFE2D}.Debug|Any CPU.ActiveCfg = Debug|Any CPU
		{86C6C88F-E098-4758-B84C-CD41030FFE2D}.Debug|Any CPU.Build.0 = Debug|Any CPU
		{86C6C88F-E098-4758-B84C-CD41030FFE2D}.Debug|x64.ActiveCfg = Debug|Any CPU
		{86C6C88F-E098-4758-B84C-CD41030FFE2D}.Debug|x64.Build.0 = Debug|Any CPU
		{86C6C88F-E098-4758-B84C-CD41030FFE2D}.Debug|x86.ActiveCfg = Debug|Any CPU
		{86C6C88F-E098-4758-B84C-CD41030FFE2D}.Debug|x86.Build.0 = Debug|Any CPU
		{86C6C88F-E098-4758-B84C-CD41030FFE2D}.Release|Any CPU.ActiveCfg = Release|Any CPU
		{86C6C88F-E098-4758-B84C-CD41030FFE2D}.Release|Any CPU.Build.0 = Release|Any CPU
		{86C6C88F-E098-4758-B84C-CD41030FFE2D}.Release|x64.ActiveCfg = Release|Any CPU
		{86C6C88F-E098-4758-B84C-CD41030FFE2D}.Release|x64.Build.0 = Release|Any CPU
		{86C6C88F-E098-4758-B84C-CD41030FFE2D}.Release|x86.ActiveCfg = Release|Any CPU
		{86C6C88F-E098-4758-B84C-CD41030FFE2D}.Release|x86.Build.0 = Release|Any CPU
		{A82E16CD-3E44-419D-8CAE-B3BC13AC053F}.Debug|Any CPU.ActiveCfg = Debug|Any CPU
		{A82E16CD-3E44-419D-8CAE-B3BC13AC053F}.Debug|Any CPU.Build.0 = Debug|Any CPU
		{A82E16CD-3E44-419D-8CAE-B3BC13AC053F}.Debug|x64.ActiveCfg = Debug|Any CPU
		{A82E16CD-3E44-419D-8CAE-B3BC13AC053F}.Debug|x64.Build.0 = Debug|Any CPU
		{A82E16CD-3E44-419D-8CAE-B3BC13AC053F}.Debug|x86.ActiveCfg = Debug|Any CPU
		{A82E16CD-3E44-419D-8CAE-B3BC13AC053F}.Debug|x86.Build.0 = Debug|Any CPU
		{A82E16CD-3E44-419D-8CAE-B3BC13AC053F}.Release|Any CPU.ActiveCfg = Release|Any CPU
		{A82E16CD-3E44-419D-8CAE-B3BC13AC053F}.Release|Any CPU.Build.0 = Release|Any CPU
		{A82E16CD-3E44-419D-8CAE-B3BC13AC053F}.Release|x64.ActiveCfg = Release|Any CPU
		{A82E16CD-3E44-419D-8CAE-B3BC13AC053F}.Release|x64.Build.0 = Release|Any CPU
		{A82E16CD-3E44-419D-8CAE-B3BC13AC053F}.Release|x86.ActiveCfg = Release|Any CPU
		{A82E16CD-3E44-419D-8CAE-B3BC13AC053F}.Release|x86.Build.0 = Release|Any CPU
		{11A414F1-798F-462D-BC37-73DE48DC0AC3}.Debug|Any CPU.ActiveCfg = Debug|Any CPU
		{11A414F1-798F-462D-BC37-73DE48DC0AC3}.Debug|Any CPU.Build.0 = Debug|Any CPU
		{11A414F1-798F-462D-BC37-73DE48DC0AC3}.Debug|x64.ActiveCfg = Debug|Any CPU
		{11A414F1-798F-462D-BC37-73DE48DC0AC3}.Debug|x64.Build.0 = Debug|Any CPU
		{11A414F1-798F-462D-BC37-73DE48DC0AC3}.Debug|x86.ActiveCfg = Debug|Any CPU
		{11A414F1-798F-462D-BC37-73DE48DC0AC3}.Debug|x86.Build.0 = Debug|Any CPU
		{11A414F1-798F-462D-BC37-73DE48DC0AC3}.Release|Any CPU.ActiveCfg = Release|Any CPU
		{11A414F1-798F-462D-BC37-73DE48DC0AC3}.Release|Any CPU.Build.0 = Release|Any CPU
		{11A414F1-798F-462D-BC37-73DE48DC0AC3}.Release|x64.ActiveCfg = Release|Any CPU
		{11A414F1-798F-462D-BC37-73DE48DC0AC3}.Release|x64.Build.0 = Release|Any CPU
		{11A414F1-798F-462D-BC37-73DE48DC0AC3}.Release|x86.ActiveCfg = Release|Any CPU
		{11A414F1-798F-462D-BC37-73DE48DC0AC3}.Release|x86.Build.0 = Release|Any CPU
		{802AD41F-90E6-4040-A54F-6126F8B174F9}.Debug|Any CPU.ActiveCfg = Debug|Any CPU
		{802AD41F-90E6-4040-A54F-6126F8B174F9}.Debug|Any CPU.Build.0 = Debug|Any CPU
		{802AD41F-90E6-4040-A54F-6126F8B174F9}.Debug|x64.ActiveCfg = Debug|Any CPU
		{802AD41F-90E6-4040-A54F-6126F8B174F9}.Debug|x64.Build.0 = Debug|Any CPU
		{802AD41F-90E6-4040-A54F-6126F8B174F9}.Debug|x86.ActiveCfg = Debug|Any CPU
		{802AD41F-90E6-4040-A54F-6126F8B174F9}.Debug|x86.Build.0 = Debug|Any CPU
		{802AD41F-90E6-4040-A54F-6126F8B174F9}.Release|Any CPU.ActiveCfg = Release|Any CPU
		{802AD41F-90E6-4040-A54F-6126F8B174F9}.Release|Any CPU.Build.0 = Release|Any CPU
		{802AD41F-90E6-4040-A54F-6126F8B174F9}.Release|x64.ActiveCfg = Release|Any CPU
		{802AD41F-90E6-4040-A54F-6126F8B174F9}.Release|x64.Build.0 = Release|Any CPU
		{802AD41F-90E6-4040-A54F-6126F8B174F9}.Release|x86.ActiveCfg = Release|Any CPU
		{802AD41F-90E6-4040-A54F-6126F8B174F9}.Release|x86.Build.0 = Release|Any CPU
		{0F57ABE8-AA8E-4146-86B5-5FCBF94249DD}.Debug|Any CPU.ActiveCfg = Debug|Any CPU
		{0F57ABE8-AA8E-4146-86B5-5FCBF94249DD}.Debug|Any CPU.Build.0 = Debug|Any CPU
		{0F57ABE8-AA8E-4146-86B5-5FCBF94249DD}.Debug|x64.ActiveCfg = Debug|Any CPU
		{0F57ABE8-AA8E-4146-86B5-5FCBF94249DD}.Debug|x64.Build.0 = Debug|Any CPU
		{0F57ABE8-AA8E-4146-86B5-5FCBF94249DD}.Debug|x86.ActiveCfg = Debug|Any CPU
		{0F57ABE8-AA8E-4146-86B5-5FCBF94249DD}.Debug|x86.Build.0 = Debug|Any CPU
		{0F57ABE8-AA8E-4146-86B5-5FCBF94249DD}.Release|Any CPU.ActiveCfg = Release|Any CPU
		{0F57ABE8-AA8E-4146-86B5-5FCBF94249DD}.Release|Any CPU.Build.0 = Release|Any CPU
		{0F57ABE8-AA8E-4146-86B5-5FCBF94249DD}.Release|x64.ActiveCfg = Release|Any CPU
		{0F57ABE8-AA8E-4146-86B5-5FCBF94249DD}.Release|x64.Build.0 = Release|Any CPU
		{0F57ABE8-AA8E-4146-86B5-5FCBF94249DD}.Release|x86.ActiveCfg = Release|Any CPU
		{0F57ABE8-AA8E-4146-86B5-5FCBF94249DD}.Release|x86.Build.0 = Release|Any CPU
		{5F7C4222-3BEE-4FDA-BB67-4F9E97B2A742}.Debug|Any CPU.ActiveCfg = Debug|Any CPU
		{5F7C4222-3BEE-4FDA-BB67-4F9E97B2A742}.Debug|Any CPU.Build.0 = Debug|Any CPU
		{5F7C4222-3BEE-4FDA-BB67-4F9E97B2A742}.Debug|x64.ActiveCfg = Debug|Any CPU
		{5F7C4222-3BEE-4FDA-BB67-4F9E97B2A742}.Debug|x64.Build.0 = Debug|Any CPU
		{5F7C4222-3BEE-4FDA-BB67-4F9E97B2A742}.Debug|x86.ActiveCfg = Debug|Any CPU
		{5F7C4222-3BEE-4FDA-BB67-4F9E97B2A742}.Debug|x86.Build.0 = Debug|Any CPU
		{5F7C4222-3BEE-4FDA-BB67-4F9E97B2A742}.Release|Any CPU.ActiveCfg = Release|Any CPU
		{5F7C4222-3BEE-4FDA-BB67-4F9E97B2A742}.Release|Any CPU.Build.0 = Release|Any CPU
		{5F7C4222-3BEE-4FDA-BB67-4F9E97B2A742}.Release|x64.ActiveCfg = Release|Any CPU
		{5F7C4222-3BEE-4FDA-BB67-4F9E97B2A742}.Release|x64.Build.0 = Release|Any CPU
		{5F7C4222-3BEE-4FDA-BB67-4F9E97B2A742}.Release|x86.ActiveCfg = Release|Any CPU
		{5F7C4222-3BEE-4FDA-BB67-4F9E97B2A742}.Release|x86.Build.0 = Release|Any CPU
		{47CE33C9-F34A-4F11-9084-949B85FCFB4F}.Debug|Any CPU.ActiveCfg = Debug|Any CPU
		{47CE33C9-F34A-4F11-9084-949B85FCFB4F}.Debug|Any CPU.Build.0 = Debug|Any CPU
		{47CE33C9-F34A-4F11-9084-949B85FCFB4F}.Debug|x64.ActiveCfg = Debug|Any CPU
		{47CE33C9-F34A-4F11-9084-949B85FCFB4F}.Debug|x64.Build.0 = Debug|Any CPU
		{47CE33C9-F34A-4F11-9084-949B85FCFB4F}.Debug|x86.ActiveCfg = Debug|Any CPU
		{47CE33C9-F34A-4F11-9084-949B85FCFB4F}.Debug|x86.Build.0 = Debug|Any CPU
		{47CE33C9-F34A-4F11-9084-949B85FCFB4F}.Release|Any CPU.ActiveCfg = Release|Any CPU
		{47CE33C9-F34A-4F11-9084-949B85FCFB4F}.Release|Any CPU.Build.0 = Release|Any CPU
		{47CE33C9-F34A-4F11-9084-949B85FCFB4F}.Release|x64.ActiveCfg = Release|Any CPU
		{47CE33C9-F34A-4F11-9084-949B85FCFB4F}.Release|x64.Build.0 = Release|Any CPU
		{47CE33C9-F34A-4F11-9084-949B85FCFB4F}.Release|x86.ActiveCfg = Release|Any CPU
		{47CE33C9-F34A-4F11-9084-949B85FCFB4F}.Release|x86.Build.0 = Release|Any CPU
		{3F6511EF-E07C-4914-AF9C-908EE5B43EB3}.Debug|Any CPU.ActiveCfg = Debug|Any CPU
		{3F6511EF-E07C-4914-AF9C-908EE5B43EB3}.Debug|Any CPU.Build.0 = Debug|Any CPU
		{3F6511EF-E07C-4914-AF9C-908EE5B43EB3}.Debug|x64.ActiveCfg = Debug|Any CPU
		{3F6511EF-E07C-4914-AF9C-908EE5B43EB3}.Debug|x64.Build.0 = Debug|Any CPU
		{3F6511EF-E07C-4914-AF9C-908EE5B43EB3}.Debug|x86.ActiveCfg = Debug|Any CPU
		{3F6511EF-E07C-4914-AF9C-908EE5B43EB3}.Debug|x86.Build.0 = Debug|Any CPU
		{3F6511EF-E07C-4914-AF9C-908EE5B43EB3}.Release|Any CPU.ActiveCfg = Release|Any CPU
		{3F6511EF-E07C-4914-AF9C-908EE5B43EB3}.Release|Any CPU.Build.0 = Release|Any CPU
		{3F6511EF-E07C-4914-AF9C-908EE5B43EB3}.Release|x64.ActiveCfg = Release|Any CPU
		{3F6511EF-E07C-4914-AF9C-908EE5B43EB3}.Release|x64.Build.0 = Release|Any CPU
		{3F6511EF-E07C-4914-AF9C-908EE5B43EB3}.Release|x86.ActiveCfg = Release|Any CPU
		{3F6511EF-E07C-4914-AF9C-908EE5B43EB3}.Release|x86.Build.0 = Release|Any CPU
		{BB367325-F0B6-495C-AB0A-FAF5701FA55F}.Debug|Any CPU.ActiveCfg = Debug|Any CPU
		{BB367325-F0B6-495C-AB0A-FAF5701FA55F}.Debug|Any CPU.Build.0 = Debug|Any CPU
		{BB367325-F0B6-495C-AB0A-FAF5701FA55F}.Debug|x64.ActiveCfg = Debug|Any CPU
		{BB367325-F0B6-495C-AB0A-FAF5701FA55F}.Debug|x64.Build.0 = Debug|Any CPU
		{BB367325-F0B6-495C-AB0A-FAF5701FA55F}.Debug|x86.ActiveCfg = Debug|Any CPU
		{BB367325-F0B6-495C-AB0A-FAF5701FA55F}.Debug|x86.Build.0 = Debug|Any CPU
		{BB367325-F0B6-495C-AB0A-FAF5701FA55F}.Release|Any CPU.ActiveCfg = Release|Any CPU
		{BB367325-F0B6-495C-AB0A-FAF5701FA55F}.Release|Any CPU.Build.0 = Release|Any CPU
		{BB367325-F0B6-495C-AB0A-FAF5701FA55F}.Release|x64.ActiveCfg = Release|Any CPU
		{BB367325-F0B6-495C-AB0A-FAF5701FA55F}.Release|x64.Build.0 = Release|Any CPU
		{BB367325-F0B6-495C-AB0A-FAF5701FA55F}.Release|x86.ActiveCfg = Release|Any CPU
		{BB367325-F0B6-495C-AB0A-FAF5701FA55F}.Release|x86.Build.0 = Release|Any CPU
		{B9ED0189-8FB5-45E1-BAF1-80A82BEAF068}.Debug|Any CPU.ActiveCfg = Debug|Any CPU
		{B9ED0189-8FB5-45E1-BAF1-80A82BEAF068}.Debug|Any CPU.Build.0 = Debug|Any CPU
		{B9ED0189-8FB5-45E1-BAF1-80A82BEAF068}.Debug|x64.ActiveCfg = Debug|Any CPU
		{B9ED0189-8FB5-45E1-BAF1-80A82BEAF068}.Debug|x64.Build.0 = Debug|Any CPU
		{B9ED0189-8FB5-45E1-BAF1-80A82BEAF068}.Debug|x86.ActiveCfg = Debug|Any CPU
		{B9ED0189-8FB5-45E1-BAF1-80A82BEAF068}.Debug|x86.Build.0 = Debug|Any CPU
		{B9ED0189-8FB5-45E1-BAF1-80A82BEAF068}.Release|Any CPU.ActiveCfg = Release|Any CPU
		{B9ED0189-8FB5-45E1-BAF1-80A82BEAF068}.Release|Any CPU.Build.0 = Release|Any CPU
		{B9ED0189-8FB5-45E1-BAF1-80A82BEAF068}.Release|x64.ActiveCfg = Release|Any CPU
		{B9ED0189-8FB5-45E1-BAF1-80A82BEAF068}.Release|x64.Build.0 = Release|Any CPU
		{B9ED0189-8FB5-45E1-BAF1-80A82BEAF068}.Release|x86.ActiveCfg = Release|Any CPU
		{B9ED0189-8FB5-45E1-BAF1-80A82BEAF068}.Release|x86.Build.0 = Release|Any CPU
		{2AA772E8-F956-4F52-8E95-6041DDC13514}.Debug|Any CPU.ActiveCfg = Debug|Any CPU
		{2AA772E8-F956-4F52-8E95-6041DDC13514}.Debug|Any CPU.Build.0 = Debug|Any CPU
		{2AA772E8-F956-4F52-8E95-6041DDC13514}.Debug|x64.ActiveCfg = Debug|Any CPU
		{2AA772E8-F956-4F52-8E95-6041DDC13514}.Debug|x64.Build.0 = Debug|Any CPU
		{2AA772E8-F956-4F52-8E95-6041DDC13514}.Debug|x86.ActiveCfg = Debug|Any CPU
		{2AA772E8-F956-4F52-8E95-6041DDC13514}.Debug|x86.Build.0 = Debug|Any CPU
		{2AA772E8-F956-4F52-8E95-6041DDC13514}.Release|Any CPU.ActiveCfg = Release|Any CPU
		{2AA772E8-F956-4F52-8E95-6041DDC13514}.Release|Any CPU.Build.0 = Release|Any CPU
		{2AA772E8-F956-4F52-8E95-6041DDC13514}.Release|x64.ActiveCfg = Release|Any CPU
		{2AA772E8-F956-4F52-8E95-6041DDC13514}.Release|x64.Build.0 = Release|Any CPU
		{2AA772E8-F956-4F52-8E95-6041DDC13514}.Release|x86.ActiveCfg = Release|Any CPU
		{2AA772E8-F956-4F52-8E95-6041DDC13514}.Release|x86.Build.0 = Release|Any CPU
		{FF44E355-27E4-4AA7-9145-CF73CABBA1F2}.Debug|Any CPU.ActiveCfg = Debug|Any CPU
		{FF44E355-27E4-4AA7-9145-CF73CABBA1F2}.Debug|Any CPU.Build.0 = Debug|Any CPU
		{FF44E355-27E4-4AA7-9145-CF73CABBA1F2}.Debug|x64.ActiveCfg = Debug|Any CPU
		{FF44E355-27E4-4AA7-9145-CF73CABBA1F2}.Debug|x64.Build.0 = Debug|Any CPU
		{FF44E355-27E4-4AA7-9145-CF73CABBA1F2}.Debug|x86.ActiveCfg = Debug|Any CPU
		{FF44E355-27E4-4AA7-9145-CF73CABBA1F2}.Debug|x86.Build.0 = Debug|Any CPU
		{FF44E355-27E4-4AA7-9145-CF73CABBA1F2}.Release|Any CPU.ActiveCfg = Release|Any CPU
		{FF44E355-27E4-4AA7-9145-CF73CABBA1F2}.Release|Any CPU.Build.0 = Release|Any CPU
		{FF44E355-27E4-4AA7-9145-CF73CABBA1F2}.Release|x64.ActiveCfg = Release|Any CPU
		{FF44E355-27E4-4AA7-9145-CF73CABBA1F2}.Release|x64.Build.0 = Release|Any CPU
		{FF44E355-27E4-4AA7-9145-CF73CABBA1F2}.Release|x86.ActiveCfg = Release|Any CPU
		{FF44E355-27E4-4AA7-9145-CF73CABBA1F2}.Release|x86.Build.0 = Release|Any CPU
		{CA5D5F1B-0546-4B35-82A5-3CF2CB6BF8FC}.Debug|Any CPU.ActiveCfg = Debug|Any CPU
		{CA5D5F1B-0546-4B35-82A5-3CF2CB6BF8FC}.Debug|Any CPU.Build.0 = Debug|Any CPU
		{CA5D5F1B-0546-4B35-82A5-3CF2CB6BF8FC}.Debug|x64.ActiveCfg = Debug|Any CPU
		{CA5D5F1B-0546-4B35-82A5-3CF2CB6BF8FC}.Debug|x64.Build.0 = Debug|Any CPU
		{CA5D5F1B-0546-4B35-82A5-3CF2CB6BF8FC}.Debug|x86.ActiveCfg = Debug|Any CPU
		{CA5D5F1B-0546-4B35-82A5-3CF2CB6BF8FC}.Debug|x86.Build.0 = Debug|Any CPU
		{CA5D5F1B-0546-4B35-82A5-3CF2CB6BF8FC}.Release|Any CPU.ActiveCfg = Release|Any CPU
		{CA5D5F1B-0546-4B35-82A5-3CF2CB6BF8FC}.Release|Any CPU.Build.0 = Release|Any CPU
		{CA5D5F1B-0546-4B35-82A5-3CF2CB6BF8FC}.Release|x64.ActiveCfg = Release|Any CPU
		{CA5D5F1B-0546-4B35-82A5-3CF2CB6BF8FC}.Release|x64.Build.0 = Release|Any CPU
		{CA5D5F1B-0546-4B35-82A5-3CF2CB6BF8FC}.Release|x86.ActiveCfg = Release|Any CPU
		{CA5D5F1B-0546-4B35-82A5-3CF2CB6BF8FC}.Release|x86.Build.0 = Release|Any CPU
		{1EE933AD-729F-4562-BC84-340280F369D6}.Debug|Any CPU.ActiveCfg = Debug|Any CPU
		{1EE933AD-729F-4562-BC84-340280F369D6}.Debug|Any CPU.Build.0 = Debug|Any CPU
		{1EE933AD-729F-4562-BC84-340280F369D6}.Debug|x64.ActiveCfg = Debug|Any CPU
		{1EE933AD-729F-4562-BC84-340280F369D6}.Debug|x64.Build.0 = Debug|Any CPU
		{1EE933AD-729F-4562-BC84-340280F369D6}.Debug|x86.ActiveCfg = Debug|Any CPU
		{1EE933AD-729F-4562-BC84-340280F369D6}.Debug|x86.Build.0 = Debug|Any CPU
		{1EE933AD-729F-4562-BC84-340280F369D6}.Release|Any CPU.ActiveCfg = Release|Any CPU
		{1EE933AD-729F-4562-BC84-340280F369D6}.Release|Any CPU.Build.0 = Release|Any CPU
		{1EE933AD-729F-4562-BC84-340280F369D6}.Release|x64.ActiveCfg = Release|Any CPU
		{1EE933AD-729F-4562-BC84-340280F369D6}.Release|x64.Build.0 = Release|Any CPU
		{1EE933AD-729F-4562-BC84-340280F369D6}.Release|x86.ActiveCfg = Release|Any CPU
		{1EE933AD-729F-4562-BC84-340280F369D6}.Release|x86.Build.0 = Release|Any CPU
		{9AA1F268-3E93-4967-8E9F-7AB0828971C0}.Debug|Any CPU.ActiveCfg = Debug|Any CPU
		{9AA1F268-3E93-4967-8E9F-7AB0828971C0}.Debug|Any CPU.Build.0 = Debug|Any CPU
		{9AA1F268-3E93-4967-8E9F-7AB0828971C0}.Debug|x64.ActiveCfg = Debug|Any CPU
		{9AA1F268-3E93-4967-8E9F-7AB0828971C0}.Debug|x64.Build.0 = Debug|Any CPU
		{9AA1F268-3E93-4967-8E9F-7AB0828971C0}.Debug|x86.ActiveCfg = Debug|Any CPU
		{9AA1F268-3E93-4967-8E9F-7AB0828971C0}.Debug|x86.Build.0 = Debug|Any CPU
		{9AA1F268-3E93-4967-8E9F-7AB0828971C0}.Release|Any CPU.ActiveCfg = Release|Any CPU
		{9AA1F268-3E93-4967-8E9F-7AB0828971C0}.Release|Any CPU.Build.0 = Release|Any CPU
		{9AA1F268-3E93-4967-8E9F-7AB0828971C0}.Release|x64.ActiveCfg = Release|Any CPU
		{9AA1F268-3E93-4967-8E9F-7AB0828971C0}.Release|x64.Build.0 = Release|Any CPU
		{9AA1F268-3E93-4967-8E9F-7AB0828971C0}.Release|x86.ActiveCfg = Release|Any CPU
		{9AA1F268-3E93-4967-8E9F-7AB0828971C0}.Release|x86.Build.0 = Release|Any CPU
	EndGlobalSection
	GlobalSection(SolutionProperties) = preSolution
		HideSolutionNode = FALSE
	EndGlobalSection
	GlobalSection(NestedProjects) = preSolution
		{103C1E00-EF50-4366-ABAA-AF75C8003C55} = {78EDDDFF-D5AB-4C16-914E-A9EB7983C6B6}
		{003C7FCD-43F3-43A0-A0EC-5A8003D2F805} = {7CA615C6-B4B4-415C-876C-3ED23D4329A6}
		{6B12A6FA-531F-4992-9319-718C4B048BAD} = {522FC804-B07E-4E78-B275-45E247EBDB77}
		{16AE5B49-DEEB-4569-BE6D-C1E36025F170} = {522FC804-B07E-4E78-B275-45E247EBDB77}
		{5551C09B-787A-4739-BF68-34CC9347386D} = {9E3D1798-C395-482F-B777-D98F306FBE33}
		{E2F7BE94-81E9-4B62-9178-AA49778068F0} = {9E3D1798-C395-482F-B777-D98F306FBE33}
		{B2FA4DD8-18A5-49EB-A98A-A660D0AB4A99} = {522FC804-B07E-4E78-B275-45E247EBDB77}
		{86C6C88F-E098-4758-B84C-CD41030FFE2D} = {5938183C-39F4-4663-A1F2-958CB01D196B}
		{A82E16CD-3E44-419D-8CAE-B3BC13AC053F} = {5938183C-39F4-4663-A1F2-958CB01D196B}
		{11A414F1-798F-462D-BC37-73DE48DC0AC3} = {5938183C-39F4-4663-A1F2-958CB01D196B}
		{802AD41F-90E6-4040-A54F-6126F8B174F9} = {5BDB624D-0374-4AC8-9281-258A1C463BDD}
		{0F57ABE8-AA8E-4146-86B5-5FCBF94249DD} = {5BDB624D-0374-4AC8-9281-258A1C463BDD}
		{5F7C4222-3BEE-4FDA-BB67-4F9E97B2A742} = {5BDB624D-0374-4AC8-9281-258A1C463BDD}
		{47CE33C9-F34A-4F11-9084-949B85FCFB4F} = {5938183C-39F4-4663-A1F2-958CB01D196B}
		{3F6511EF-E07C-4914-AF9C-908EE5B43EB3} = {5938183C-39F4-4663-A1F2-958CB01D196B}
		{BB367325-F0B6-495C-AB0A-FAF5701FA55F} = {69FF5962-9ADE-4A14-86DA-16B0944A1269}
		{B9ED0189-8FB5-45E1-BAF1-80A82BEAF068} = {69FF5962-9ADE-4A14-86DA-16B0944A1269}
		{2AA772E8-F956-4F52-8E95-6041DDC13514} = {7CA615C6-B4B4-415C-876C-3ED23D4329A6}
		{CA5D5F1B-0546-4B35-82A5-3CF2CB6BF8FC} = {5938183C-39F4-4663-A1F2-958CB01D196B}
		{1EE933AD-729F-4562-BC84-340280F369D6} = {5BDB624D-0374-4AC8-9281-258A1C463BDD}
	EndGlobalSection
	GlobalSection(ExtensibilityGlobals) = postSolution
		SolutionGuid = {5ABB5E0E-0B0F-42B4-9B36-D7372995A154}
	EndGlobalSection
EndGlobal
